hash: 35fb9fc477c7f488caf712207c87901e1dd253fff97a9a7abb2dc0919d3d200c
updated: 2018-05-15T11:22:05.564052+07:00
imports:
- name: github.com/jinzhu/gorm
  version: 6ed508ec6a4ecb3531899a69cbc746ccf65a4166
- name: github.com/jinzhu/inflection
  version: 04140366298a54a039076d798123ffa108fff46c
- name: github.com/kelseyhightower/envconfig
  version: f611eb38b3875cc3bd991ca91c51d06446afa14c
- name: github.com/lib/pq
  version: b609790bd85edf8e9ab7e0f8912750a786177bcf
testImports: []
